// !$*UTF8*$!
{
	archiveVersion = 1;
	classes = {
	};
	objectVersion = 46;
	objects = {

/* Begin PBXBuildFile section */
		A3205468193498BD00BBAF5F /* CityTableViewCell.m in Sources */ = {isa = PBXBuildFile; fileRef = A3205467193498BD00BBAF5F /* CityTableViewCell.m */; };
		A344D3AE1932D391007C6D72 /* Foundation.framework in Frameworks */ = {isa = PBXBuildFile; fileRef = A344D3AD1932D391007C6D72 /* Foundation.framework */; };
		A344D3B01932D391007C6D72 /* CoreGraphics.framework in Frameworks */ = {isa = PBXBuildFile; fileRef = A344D3AF1932D391007C6D72 /* CoreGraphics.framework */; };
		A344D3B21932D391007C6D72 /* UIKit.framework in Frameworks */ = {isa = PBXBuildFile; fileRef = A344D3B11932D391007C6D72 /* UIKit.framework */; };
		A344D3B81932D391007C6D72 /* InfoPlist.strings in Resources */ = {isa = PBXBuildFile; fileRef = A344D3B61932D391007C6D72 /* InfoPlist.strings */; };
		A344D3BA1932D391007C6D72 /* main.m in Sources */ = {isa = PBXBuildFile; fileRef = A344D3B91932D391007C6D72 /* main.m */; };
		A344D3BE1932D391007C6D72 /* AppDelegate.m in Sources */ = {isa = PBXBuildFile; fileRef = A344D3BD1932D391007C6D72 /* AppDelegate.m */; };
		A344D3C11932D391007C6D72 /* Main_iPhone.storyboard in Resources */ = {isa = PBXBuildFile; fileRef = A344D3BF1932D391007C6D72 /* Main_iPhone.storyboard */; };
		A344D3C41932D391007C6D72 /* Main_iPad.storyboard in Resources */ = {isa = PBXBuildFile; fileRef = A344D3C21932D391007C6D72 /* Main_iPad.storyboard */; };
		A344D3C91932D391007C6D72 /* Images.xcassets in Resources */ = {isa = PBXBuildFile; fileRef = A344D3C81932D391007C6D72 /* Images.xcassets */; };
		A344D3D01932D391007C6D72 /* XCTest.framework in Frameworks */ = {isa = PBXBuildFile; fileRef = A344D3CF1932D391007C6D72 /* XCTest.framework */; };
		A344D3D11932D391007C6D72 /* Foundation.framework in Frameworks */ = {isa = PBXBuildFile; fileRef = A344D3AD1932D391007C6D72 /* Foundation.framework */; };
		A344D3D21932D391007C6D72 /* UIKit.framework in Frameworks */ = {isa = PBXBuildFile; fileRef = A344D3B11932D391007C6D72 /* UIKit.framework */; };
		A344D3DA1932D391007C6D72 /* InfoPlist.strings in Resources */ = {isa = PBXBuildFile; fileRef = A344D3D81932D391007C6D72 /* InfoPlist.strings */; };
		A344D3DC1932D391007C6D72 /* VeryInterestingTestTaskTests.m in Sources */ = {isa = PBXBuildFile; fileRef = A344D3DB1932D391007C6D72 /* VeryInterestingTestTaskTests.m */; };
		A344D3E61932D3F7007C6D72 /* CoreData.framework in Frameworks */ = {isa = PBXBuildFile; fileRef = A344D3E51932D3F7007C6D72 /* CoreData.framework */; };
		A344D3E91932D69A007C6D72 /* PlacesModel.xcdatamodeld in Sources */ = {isa = PBXBuildFile; fileRef = A344D3E71932D69A007C6D72 /* PlacesModel.xcdatamodeld */; };
		A344D3EB1932DF44007C6D72 /* Localizable.strings in Resources */ = {isa = PBXBuildFile; fileRef = A344D3EA1932DF44007C6D72 /* Localizable.strings */; };
		A34683F51935D4CA00E9DC2B /* PhotoDownloader.m in Sources */ = {isa = PBXBuildFile; fileRef = A34683F41935D4CA00E9DC2B /* PhotoDownloader.m */; };
		A34683F71936D14100E9DC2B /* question_mark.jpg in Resources */ = {isa = PBXBuildFile; fileRef = A34683F61936D14100E9DC2B /* question_mark.jpg */; };
		A3953EEC193437C400FB70C8 /* PlacesListViewController.m in Sources */ = {isa = PBXBuildFile; fileRef = A3953EEB193437C400FB70C8 /* PlacesListViewController.m */; };
		A3AF13F119357533004C02E0 /* FetchedResultController_Helper.m in Sources */ = {isa = PBXBuildFile; fileRef = A3AF13F019357533004C02E0 /* FetchedResultController_Helper.m */; };
/* End PBXBuildFile section */

/* Begin PBXContainerItemProxy section */
		A344D3D31932D391007C6D72 /* PBXContainerItemProxy */ = {
			isa = PBXContainerItemProxy;
			containerPortal = A344D3A21932D391007C6D72 /* Project object */;
			proxyType = 1;
			remoteGlobalIDString = A344D3A91932D391007C6D72;
			remoteInfo = VeryInterestingTestTask;
		};
/* End PBXContainerItemProxy section */

/* Begin PBXFileReference section */
		A3205466193498BD00BBAF5F /* CityTableViewCell.h */ = {isa = PBXFileReference; fileEncoding = 4; lastKnownFileType = sourcecode.c.h; path = CityTableViewCell.h; sourceTree = "<group>"; };
		A3205467193498BD00BBAF5F /* CityTableViewCell.m */ = {isa = PBXFileReference; fileEncoding = 4; lastKnownFileType = sourcecode.c.objc; path = CityTableViewCell.m; sourceTree = "<group>"; };
		A344D3AA1932D391007C6D72 /* VeryInterestingTestTask.app */ = {isa = PBXFileReference; explicitFileType = wrapper.application; includeInIndex = 0; path = VeryInterestingTestTask.app; sourceTree = BUILT_PRODUCTS_DIR; };
		A344D3AD1932D391007C6D72 /* Foundation.framework */ = {isa = PBXFileReference; lastKnownFileType = wrapper.framework; name = Foundation.framework; path = System/Library/Frameworks/Foundation.framework; sourceTree = SDKROOT; };
		A344D3AF1932D391007C6D72 /* CoreGraphics.framework */ = {isa = PBXFileReference; lastKnownFileType = wrapper.framework; name = CoreGraphics.framework; path = System/Library/Frameworks/CoreGraphics.framework; sourceTree = SDKROOT; };
		A344D3B11932D391007C6D72 /* UIKit.framework */ = {isa = PBXFileReference; lastKnownFileType = wrapper.framework; name = UIKit.framework; path = System/Library/Frameworks/UIKit.framework; sourceTree = SDKROOT; };
		A344D3B51932D391007C6D72 /* VeryInterestingTestTask-Info.plist */ = {isa = PBXFileReference; lastKnownFileType = text.plist.xml; path = "VeryInterestingTestTask-Info.plist"; sourceTree = "<group>"; };
		A344D3B71932D391007C6D72 /* en */ = {isa = PBXFileReference; lastKnownFileType = text.plist.strings; name = en; path = en.lproj/InfoPlist.strings; sourceTree = "<group>"; };
		A344D3B91932D391007C6D72 /* main.m */ = {isa = PBXFileReference; lastKnownFileType = sourcecode.c.objc; path = main.m; sourceTree = "<group>"; };
		A344D3BB1932D391007C6D72 /* VeryInterestingTestTask-Prefix.pch */ = {isa = PBXFileReference; lastKnownFileType = sourcecode.c.h; path = "VeryInterestingTestTask-Prefix.pch"; sourceTree = "<group>"; };
		A344D3BC1932D391007C6D72 /* AppDelegate.h */ = {isa = PBXFileReference; lastKnownFileType = sourcecode.c.h; path = AppDelegate.h; sourceTree = "<group>"; };
		A344D3BD1932D391007C6D72 /* AppDelegate.m */ = {isa = PBXFileReference; lastKnownFileType = sourcecode.c.objc; path = AppDelegate.m; sourceTree = "<group>"; };
		A344D3C01932D391007C6D72 /* Base */ = {isa = PBXFileReference; lastKnownFileType = file.storyboard; name = Base; path = Base.lproj/Main_iPhone.storyboard; sourceTree = "<group>"; };
		A344D3C31932D391007C6D72 /* Base */ = {isa = PBXFileReference; lastKnownFileType = file.storyboard; name = Base; path = Base.lproj/Main_iPad.storyboard; sourceTree = "<group>"; };
		A344D3C81932D391007C6D72 /* Images.xcassets */ = {isa = PBXFileReference; lastKnownFileType = folder.assetcatalog; path = Images.xcassets; sourceTree = "<group>"; };
		A344D3CE1932D391007C6D72 /* VeryInterestingTestTaskTests.xctest */ = {isa = PBXFileReference; explicitFileType = wrapper.cfbundle; includeInIndex = 0; path = VeryInterestingTestTaskTests.xctest; sourceTree = BUILT_PRODUCTS_DIR; };
		A344D3CF1932D391007C6D72 /* XCTest.framework */ = {isa = PBXFileReference; lastKnownFileType = wrapper.framework; name = XCTest.framework; path = Library/Frameworks/XCTest.framework; sourceTree = DEVELOPER_DIR; };
		A344D3D71932D391007C6D72 /* VeryInterestingTestTaskTests-Info.plist */ = {isa = PBXFileReference; lastKnownFileType = text.plist.xml; path = "VeryInterestingTestTaskTests-Info.plist"; sourceTree = "<group>"; };
		A344D3D91932D391007C6D72 /* en */ = {isa = PBXFileReference; lastKnownFileType = text.plist.strings; name = en; path = en.lproj/InfoPlist.strings; sourceTree = "<group>"; };
		A344D3DB1932D391007C6D72 /* VeryInterestingTestTaskTests.m */ = {isa = PBXFileReference; lastKnownFileType = sourcecode.c.objc; path = VeryInterestingTestTaskTests.m; sourceTree = "<group>"; };
		A344D3E51932D3F7007C6D72 /* CoreData.framework */ = {isa = PBXFileReference; lastKnownFileType = wrapper.framework; name = CoreData.framework; path = System/Library/Frameworks/CoreData.framework; sourceTree = SDKROOT; };
		A344D3E81932D69A007C6D72 /* PlacesModel.xcdatamodel */ = {isa = PBXFileReference; lastKnownFileType = wrapper.xcdatamodel; path = PlacesModel.xcdatamodel; sourceTree = "<group>"; };
		A344D3EA1932DF44007C6D72 /* Localizable.strings */ = {isa = PBXFileReference; fileEncoding = 4; lastKnownFileType = text.plist.strings; path = Localizable.strings; sourceTree = "<group>"; };
		A34683F31935D4CA00E9DC2B /* PhotoDownloader.h */ = {isa = PBXFileReference; fileEncoding = 4; lastKnownFileType = sourcecode.c.h; path = PhotoDownloader.h; sourceTree = "<group>"; };
		A34683F41935D4CA00E9DC2B /* PhotoDownloader.m */ = {isa = PBXFileReference; fileEncoding = 4; lastKnownFileType = sourcecode.c.objc; path = PhotoDownloader.m; sourceTree = "<group>"; };
		A34683F61936D14100E9DC2B /* question_mark.jpg */ = {isa = PBXFileReference; lastKnownFileType = image.jpeg; path = question_mark.jpg; sourceTree = "<group>"; };
		A3953EEA193437C400FB70C8 /* PlacesListViewController.h */ = {isa = PBXFileReference; fileEncoding = 4; lastKnownFileType = sourcecode.c.h; path = PlacesListViewController.h; sourceTree = "<group>"; };
		A3953EEB193437C400FB70C8 /* PlacesListViewController.m */ = {isa = PBXFileReference; fileEncoding = 4; lastKnownFileType = sourcecode.c.objc; path = PlacesListViewController.m; sourceTree = "<group>"; };
		A3AF13EF19357533004C02E0 /* FetchedResultController_Helper.h */ = {isa = PBXFileReference; fileEncoding = 4; lastKnownFileType = sourcecode.c.h; path = FetchedResultController_Helper.h; sourceTree = "<group>"; };
		A3AF13F019357533004C02E0 /* FetchedResultController_Helper.m */ = {isa = PBXFileReference; fileEncoding = 4; lastKnownFileType = sourcecode.c.objc; path = FetchedResultController_Helper.m; sourceTree = "<group>"; };
/* End PBXFileReference section */

/* Begin PBXFrameworksBuildPhase section */
		A344D3A71932D391007C6D72 /* Frameworks */ = {
			isa = PBXFrameworksBuildPhase;
			buildActionMask = 2147483647;
			files = (
				A344D3E61932D3F7007C6D72 /* CoreData.framework in Frameworks */,
				A344D3B01932D391007C6D72 /* CoreGraphics.framework in Frameworks */,
				A344D3B21932D391007C6D72 /* UIKit.framework in Frameworks */,
				A344D3AE1932D391007C6D72 /* Foundation.framework in Frameworks */,
			);
			runOnlyForDeploymentPostprocessing = 0;
		};
		A344D3CB1932D391007C6D72 /* Frameworks */ = {
			isa = PBXFrameworksBuildPhase;
			buildActionMask = 2147483647;
			files = (
				A344D3D01932D391007C6D72 /* XCTest.framework in Frameworks */,
				A344D3D21932D391007C6D72 /* UIKit.framework in Frameworks */,
				A344D3D11932D391007C6D72 /* Foundation.framework in Frameworks */,
			);
			runOnlyForDeploymentPostprocessing = 0;
		};
/* End PBXFrameworksBuildPhase section */

/* Begin PBXGroup section */
		A344D3A11932D391007C6D72 = {
			isa = PBXGroup;
			children = (
				A344D3B31932D391007C6D72 /* VeryInterestingTestTask */,
				A344D3D51932D391007C6D72 /* VeryInterestingTestTaskTests */,
				A344D3AC1932D391007C6D72 /* Frameworks */,
				A344D3AB1932D391007C6D72 /* Products */,
			);
			sourceTree = "<group>";
		};
		A344D3AB1932D391007C6D72 /* Products */ = {
			isa = PBXGroup;
			children = (
				A344D3AA1932D391007C6D72 /* VeryInterestingTestTask.app */,
				A344D3CE1932D391007C6D72 /* VeryInterestingTestTaskTests.xctest */,
			);
			name = Products;
			sourceTree = "<group>";
		};
		A344D3AC1932D391007C6D72 /* Frameworks */ = {
			isa = PBXGroup;
			children = (
				A344D3E51932D3F7007C6D72 /* CoreData.framework */,
				A344D3AD1932D391007C6D72 /* Foundation.framework */,
				A344D3AF1932D391007C6D72 /* CoreGraphics.framework */,
				A344D3B11932D391007C6D72 /* UIKit.framework */,
				A344D3CF1932D391007C6D72 /* XCTest.framework */,
			);
			name = Frameworks;
			sourceTree = "<group>";
		};
		A344D3B31932D391007C6D72 /* VeryInterestingTestTask */ = {
			isa = PBXGroup;
			children = (
				A344D3BC1932D391007C6D72 /* AppDelegate.h */,
				A344D3BD1932D391007C6D72 /* AppDelegate.m */,
				A34683F31935D4CA00E9DC2B /* PhotoDownloader.h */,
				A34683F41935D4CA00E9DC2B /* PhotoDownloader.m */,
				A344D3BF1932D391007C6D72 /* Main_iPhone.storyboard */,
				A344D3C21932D391007C6D72 /* Main_iPad.storyboard */,
				A344D3C81932D391007C6D72 /* Images.xcassets */,
				A344D3B41932D391007C6D72 /* Supporting Files */,
				A3953EEA193437C400FB70C8 /* PlacesListViewController.h */,
				A3953EEB193437C400FB70C8 /* PlacesListViewController.m */,
				A3205466193498BD00BBAF5F /* CityTableViewCell.h */,
				A3205467193498BD00BBAF5F /* CityTableViewCell.m */,
				A3AF13EF19357533004C02E0 /* FetchedResultController_Helper.h */,
				A3AF13F019357533004C02E0 /* FetchedResultController_Helper.m */,
			);
			path = VeryInterestingTestTask;
			sourceTree = "<group>";
		};
		A344D3B41932D391007C6D72 /* Supporting Files */ = {
			isa = PBXGroup;
			children = (
				A34683F61936D14100E9DC2B /* question_mark.jpg */,
				A344D3B51932D391007C6D72 /* VeryInterestingTestTask-Info.plist */,
				A344D3B61932D391007C6D72 /* InfoPlist.strings */,
				A344D3B91932D391007C6D72 /* main.m */,
				A344D3BB1932D391007C6D72 /* VeryInterestingTestTask-Prefix.pch */,
				A344D3E71932D69A007C6D72 /* PlacesModel.xcdatamodeld */,
				A344D3EA1932DF44007C6D72 /* Localizable.strings */,
			);
			name = "Supporting Files";
			sourceTree = "<group>";
		};
		A344D3D51932D391007C6D72 /* VeryInterestingTestTaskTests */ = {
			isa = PBXGroup;
			children = (
				A344D3DB1932D391007C6D72 /* VeryInterestingTestTaskTests.m */,
				A344D3D61932D391007C6D72 /* Supporting Files */,
			);
			path = VeryInterestingTestTaskTests;
			sourceTree = "<group>";
		};
		A344D3D61932D391007C6D72 /* Supporting Files */ = {
			isa = PBXGroup;
			children = (
				A344D3D71932D391007C6D72 /* VeryInterestingTestTaskTests-Info.plist */,
				A344D3D81932D391007C6D72 /* InfoPlist.strings */,
			);
			name = "Supporting Files";
			sourceTree = "<group>";
		};
/* End PBXGroup section */

/* Begin PBXNativeTarget section */
		A344D3A91932D391007C6D72 /* VeryInterestingTestTask */ = {
			isa = PBXNativeTarget;
			buildConfigurationList = A344D3DF1932D391007C6D72 /* Build configuration list for PBXNativeTarget "VeryInterestingTestTask" */;
			buildPhases = (
				A344D3A61932D391007C6D72 /* Sources */,
				A344D3A71932D391007C6D72 /* Frameworks */,
				A344D3A81932D391007C6D72 /* Resources */,
			);
			buildRules = (
			);
			dependencies = (
			);
			name = VeryInterestingTestTask;
			productName = VeryInterestingTestTask;
			productReference = A344D3AA1932D391007C6D72 /* VeryInterestingTestTask.app */;
			productType = "com.apple.product-type.application";
		};
		A344D3CD1932D391007C6D72 /* VeryInterestingTestTaskTests */ = {
			isa = PBXNativeTarget;
			buildConfigurationList = A344D3E21932D391007C6D72 /* Build configuration list for PBXNativeTarget "VeryInterestingTestTaskTests" */;
			buildPhases = (
				A344D3CA1932D391007C6D72 /* Sources */,
				A344D3CB1932D391007C6D72 /* Frameworks */,
				A344D3CC1932D391007C6D72 /* Resources */,
			);
			buildRules = (
			);
			dependencies = (
				A344D3D41932D391007C6D72 /* PBXTargetDependency */,
			);
			name = VeryInterestingTestTaskTests;
			productName = VeryInterestingTestTaskTests;
			productReference = A344D3CE1932D391007C6D72 /* VeryInterestingTestTaskTests.xctest */;
			productType = "com.apple.product-type.bundle.unit-test";
		};
/* End PBXNativeTarget section */

/* Begin PBXProject section */
		A344D3A21932D391007C6D72 /* Project object */ = {
			isa = PBXProject;
			attributes = {
				LastUpgradeCheck = 0510;
				ORGANIZATIONNAME = bva;
				TargetAttributes = {
					A344D3CD1932D391007C6D72 = {
						TestTargetID = A344D3A91932D391007C6D72;
					};
				};
			};
			buildConfigurationList = A344D3A51932D391007C6D72 /* Build configuration list for PBXProject "VeryInterestingTestTask" */;
			compatibilityVersion = "Xcode 3.2";
			developmentRegion = English;
			hasScannedForEncodings = 0;
			knownRegions = (
				en,
				Base,
			);
			mainGroup = A344D3A11932D391007C6D72;
			productRefGroup = A344D3AB1932D391007C6D72 /* Products */;
			projectDirPath = "";
			projectRoot = "";
			targets = (
				A344D3A91932D391007C6D72 /* VeryInterestingTestTask */,
				A344D3CD1932D391007C6D72 /* VeryInterestingTestTaskTests */,
			);
		};
/* End PBXProject section */

/* Begin PBXResourcesBuildPhase section */
		A344D3A81932D391007C6D72 /* Resources */ = {
			isa = PBXResourcesBuildPhase;
			buildActionMask = 2147483647;
			files = (
				A34683F71936D14100E9DC2B /* question_mark.jpg in Resources */,
				A344D3EB1932DF44007C6D72 /* Localizable.strings in Resources */,
				A344D3C41932D391007C6D72 /* Main_iPad.storyboard in Resources */,
				A344D3C91932D391007C6D72 /* Images.xcassets in Resources */,
				A344D3C11932D391007C6D72 /* Main_iPhone.storyboard in Resources */,
				A344D3B81932D391007C6D72 /* InfoPlist.strings in Resources */,
			);
			runOnlyForDeploymentPostprocessing = 0;
		};
		A344D3CC1932D391007C6D72 /* Resources */ = {
			isa = PBXResourcesBuildPhase;
			buildActionMask = 2147483647;
			files = (
				A344D3DA1932D391007C6D72 /* InfoPlist.strings in Resources */,
			);
			runOnlyForDeploymentPostprocessing = 0;
		};
/* End PBXResourcesBuildPhase section */

/* Begin PBXSourcesBuildPhase section */
		A344D3A61932D391007C6D72 /* Sources */ = {
			isa = PBXSourcesBuildPhase;
			buildActionMask = 2147483647;
			files = (
				A3AF13F119357533004C02E0 /* FetchedResultController_Helper.m in Sources */,
				A3205468193498BD00BBAF5F /* CityTableViewCell.m in Sources */,
				A344D3E91932D69A007C6D72 /* PlacesModel.xcdatamodeld in Sources */,
				A344D3BE1932D391007C6D72 /* AppDelegate.m in Sources */,
				A3953EEC193437C400FB70C8 /* PlacesListViewController.m in Sources */,
				A344D3BA1932D391007C6D72 /* main.m in Sources */,
				A34683F51935D4CA00E9DC2B /* PhotoDownloader.m in Sources */,
			);
			runOnlyForDeploymentPostprocessing = 0;
		};
		A344D3CA1932D391007C6D72 /* Sources */ = {
			isa = PBXSourcesBuildPhase;
			buildActionMask = 2147483647;
			files = (
				A344D3DC1932D391007C6D72 /* VeryInterestingTestTaskTests.m in Sources */,
			);
			runOnlyForDeploymentPostprocessing = 0;
		};
/* End PBXSourcesBuildPhase section */

/* Begin PBXTargetDependency section */
		A344D3D41932D391007C6D72 /* PBXTargetDependency */ = {
			isa = PBXTargetDependency;
			target = A344D3A91932D391007C6D72 /* VeryInterestingTestTask */;
			targetProxy = A344D3D31932D391007C6D72 /* PBXContainerItemProxy */;
		};
/* End PBXTargetDependency section */

/* Begin PBXVariantGroup section */
		A344D3B61932D391007C6D72 /* InfoPlist.strings */ = {
			isa = PBXVariantGroup;
			children = (
				A344D3B71932D391007C6D72 /* en */,
			);
			name = InfoPlist.strings;
			sourceTree = "<group>";
		};
		A344D3BF1932D391007C6D72 /* Main_iPhone.storyboard */ = {
			isa = PBXVariantGroup;
			children = (
				A344D3C01932D391007C6D72 /* Base */,
			);
			name = Main_iPhone.storyboard;
			sourceTree = "<group>";
		};
		A344D3C21932D391007C6D72 /* Main_iPad.storyboard */ = {
			isa = PBXVariantGroup;
			children = (
				A344D3C31932D391007C6D72 /* Base */,
			);
			name = Main_iPad.storyboard;
			sourceTree = "<group>";
		};
		A344D3D81932D391007C6D72 /* InfoPlist.strings */ = {
			isa = PBXVariantGroup;
			children = (
				A344D3D91932D391007C6D72 /* en */,
			);
			name = InfoPlist.strings;
			sourceTree = "<group>";
		};
/* End PBXVariantGroup section */

/* Begin XCBuildConfiguration section */
		A344D3DD1932D391007C6D72 /* Debug */ = {
			isa = XCBuildConfiguration;
			buildSettings = {
				ALWAYS_SEARCH_USER_PATHS = NO;
				CLANG_CXX_LANGUAGE_STANDARD = "gnu++0x";
				CLANG_CXX_LIBRARY = "libc++";
				CLANG_ENABLE_MODULES = YES;
				CLANG_ENABLE_OBJC_ARC = YES;
				CLANG_WARN_BOOL_CONVERSION = YES;
				CLANG_WARN_CONSTANT_CONVERSION = YES;
				CLANG_WARN_DIRECT_OBJC_ISA_USAGE = YES_ERROR;
				CLANG_WARN_EMPTY_BODY = YES;
				CLANG_WARN_ENUM_CONVERSION = YES;
				CLANG_WARN_INT_CONVERSION = YES;
				CLANG_WARN_OBJC_ROOT_CLASS = YES_ERROR;
				CLANG_WARN__DUPLICATE_METHOD_MATCH = YES;
				"CODE_SIGN_IDENTITY[sdk=iphoneos*]" = "iPhone Developer";
				COPY_PHASE_STRIP = NO;
				GCC_C_LANGUAGE_STANDARD = gnu99;
				GCC_DYNAMIC_NO_PIC = NO;
				GCC_OPTIMIZATION_LEVEL = 0;
				GCC_PREPROCESSOR_DEFINITIONS = (
					"DEBUG=1",
					"$(inherited)",
				);
				GCC_SYMBOLS_PRIVATE_EXTERN = NO;
				GCC_WARN_64_TO_32_BIT_CONVERSION = YES;
				GCC_WARN_ABOUT_RETURN_TYPE = YES_ERROR;
				GCC_WARN_UNDECLARED_SELECTOR = YES;
				GCC_WARN_UNINITIALIZED_AUTOS = YES_AGGRESSIVE;
				GCC_WARN_UNUSED_FUNCTION = YES;
				GCC_WARN_UNUSED_VARIABLE = YES;
				IPHONEOS_DEPLOYMENT_TARGET = 7.1;
				ONLY_ACTIVE_ARCH = YES;
				SDKROOT = iphoneos;
				TARGETED_DEVICE_FAMILY = "1,2";
			};
			name = Debug;
		};
		A344D3DE1932D391007C6D72 /* Release */ = {
			isa = XCBuildConfiguration;
			buildSettings = {
				ALWAYS_SEARCH_USER_PATHS = NO;
				CLANG_CXX_LANGUAGE_STANDARD = "gnu++0x";
				CLANG_CXX_LIBRARY = "libc++";
				CLANG_ENABLE_MODULES = YES;
				CLANG_ENABLE_OBJC_ARC = YES;
				CLANG_WARN_BOOL_CONVERSION = YES;
				CLANG_WARN_CONSTANT_CONVERSION = YES;
				CLANG_WARN_DIRECT_OBJC_ISA_USAGE = YES_ERROR;
				CLANG_WARN_EMPTY_BODY = YES;
				CLANG_WARN_ENUM_CONVERSION = YES;
				CLANG_WARN_INT_CONVERSION = YES;
				CLANG_WARN_OBJC_ROOT_CLASS = YES_ERROR;
				CLANG_WARN__DUPLICATE_METHOD_MATCH = YES;
				"CODE_SIGN_IDENTITY[sdk=iphoneos*]" = "iPhone Developer";
				COPY_PHASE_STRIP = YES;
				ENABLE_NS_ASSERTIONS = NO;
				GCC_C_LANGUAGE_STANDARD = gnu99;
				GCC_WARN_64_TO_32_BIT_CONVERSION = YES;
				GCC_WARN_ABOUT_RETURN_TYPE = YES_ERROR;
				GCC_WARN_UNDECLARED_SELECTOR = YES;
				GCC_WARN_UNINITIALIZED_AUTOS = YES_AGGRESSIVE;
				GCC_WARN_UNUSED_FUNCTION = YES;
				GCC_WARN_UNUSED_VARIABLE = YES;
				IPHONEOS_DEPLOYMENT_TARGET = 7.1;
				SDKROOT = iphoneos;
				TARGETED_DEVICE_FAMILY = "1,2";
				VALIDATE_PRODUCT = YES;
			};
			name = Release;
		};
		A344D3E01932D391007C6D72 /* Debug */ = {
			isa = XCBuildConfiguration;
			buildSettings = {
				ASSETCATALOG_COMPILER_APPICON_NAME = AppIcon;
				ASSETCATALOG_COMPILER_LAUNCHIMAGE_NAME = LaunchImage;
				GCC_PRECOMPILE_PREFIX_HEADER = YES;
				GCC_PREFIX_HEADER = "VeryInterestingTestTask/VeryInterestingTestTask-Prefix.pch";
				INFOPLIST_FILE = "VeryInterestingTestTask/VeryInterestingTestTask-Info.plist";
				IPHONEOS_DEPLOYMENT_TARGET = 6.0;
				PRODUCT_NAME = "$(TARGET_NAME)";
				WRAPPER_EXTENSION = app;
			};
			name = Debug;
		};
		A344D3E11932D391007C6D72 /* Release */ = {
			isa = XCBuildConfiguration;
			buildSettings = {
				ASSETCATALOG_COMPILER_APPICON_NAME = AppIcon;
				ASSETCATALOG_COMPILER_LAUNCHIMAGE_NAME = LaunchImage;
				GCC_PRECOMPILE_PREFIX_HEADER = YES;
				GCC_PREFIX_HEADER = "VeryInterestingTestTask/VeryInterestingTestTask-Prefix.pch";
				INFOPLIST_FILE = "VeryInterestingTestTask/VeryInterestingTestTask-Info.plist";
				IPHONEOS_DEPLOYMENT_TARGET = 6.0;
				PRODUCT_NAME = "$(TARGET_NAME)";
				WRAPPER_EXTENSION = app;
			};
			name = Release;
		};
		A344D3E31932D391007C6D72 /* Debug */ = {
			isa = XCBuildConfiguration;
			buildSettings = {
				BUNDLE_LOADER = "$(BUILT_PRODUCTS_DIR)/VeryInterestingTestTask.app/VeryInterestingTestTask";
				FRAMEWORK_SEARCH_PATHS = (
					"$(SDKROOT)/Developer/Library/Frameworks",
					"$(inherited)",
					"$(DEVELOPER_FRAMEWORKS_DIR)",
				);
				GCC_PRECOMPILE_PREFIX_HEADER = YES;
				GCC_PREFIX_HEADER = "VeryInterestingTestTask/VeryInterestingTestTask-Prefix.pch";
				GCC_PREPROCESSOR_DEFINITIONS = (
					"DEBUG=1",
					"$(inherited)",
				);
				INFOPLIST_FILE = "VeryInterestingTestTaskTests/VeryInterestingTestTaskTests-Info.plist";
				PRODUCT_NAME = "$(TARGET_NAME)";
				TEST_HOST = "$(BUNDLE_LOADER)";
				WRAPPER_EXTENSION = xctest;
			};
			name = Debug;
		};
		A344D3E41932D391007C6D72 /* Release */ = {
			isa = XCBuildConfiguration;
			buildSettings = {
				BUNDLE_LOADER = "$(BUILT_PRODUCTS_DIR)/VeryInterestingTestTask.app/VeryInterestingTestTask";
				FRAMEWORK_SEARCH_PATHS = (
					"$(SDKROOT)/Developer/Library/Frameworks",
					"$(inherited)",
					"$(DEVELOPER_FRAMEWORKS_DIR)",
				);
				GCC_PRECOMPILE_PREFIX_HEADER = YES;
				GCC_PREFIX_HEADER = "VeryInterestingTestTask/VeryInterestingTestTask-Prefix.pch";
				INFOPLIST_FILE = "VeryInterestingTestTaskTests/VeryInterestingTestTaskTests-Info.plist";
				PRODUCT_NAME = "$(TARGET_NAME)";
				TEST_HOST = "$(BUNDLE_LOADER)";
				WRAPPER_EXTENSION = xctest;
			};
			name = Release;
		};
/* End XCBuildConfiguration section */

/* Begin XCConfigurationList section */
		A344D3A51932D391007C6D72 /* Build configuration list for PBXProject "VeryInterestingTestTask" */ = {
			isa = XCConfigurationList;
			buildConfigurations = (
				A344D3DD1932D391007C6D72 /* Debug */,
				A344D3DE1932D391007C6D72 /* Release */,
			);
			defaultConfigurationIsVisible = 0;
			defaultConfigurationName = Release;
		};
		A344D3DF1932D391007C6D72 /* Build configuration list for PBXNativeTarget "VeryInterestingTestTask" */ = {
			isa = XCConfigurationList;
			buildConfigurations = (
				A344D3E01932D391007C6D72 /* Debug */,
				A344D3E11932D391007C6D72 /* Release */,
			);
			defaultConfigurationIsVisible = 0;
			defaultConfigurationName = Release;
		};
		A344D3E21932D391007C6D72 /* Build configuration list for PBXNativeTarget "VeryInterestingTestTaskTests" */ = {
			isa = XCConfigurationList;
			buildConfigurations = (
				A344D3E31932D391007C6D72 /* Debug */,
				A344D3E41932D391007C6D72 /* Release */,
			);
			defaultConfigurationIsVisible = 0;
			defaultConfigurationName = Release;
		};
/* End XCConfigurationList section */

/* Begin XCVersionGroup section */
		A344D3E71932D69A007C6D72 /* PlacesModel.xcdatamodeld */ = {
			isa = XCVersionGroup;
			children = (
				A344D3E81932D69A007C6D72 /* PlacesModel.xcdatamodel */,
			);
			currentVersion = A344D3E81932D69A007C6D72 /* PlacesModel.xcdatamodel */;
			path = PlacesModel.xcdatamodeld;
			sourceTree = "<group>";
			versionGroupType = wrapper.xcdatamodel;
		};
/* End XCVersionGroup section */
	};
	rootObject = A344D3A21932D391007C6D72 /* Project object */;
}
